
Microsoft Visual Studio Solution File, Format Version 12.00
# Visual Studio Version 16
VisualStudioVersion = 16.0.30517.126
MinimumVisualStudioVersion = 10.0.40219.1
Project("{FAE04EC0-301F-11D3-BF4B-00C04F79EFBC}") = "Ejercicio2Segundo", "Ejercicio2Segundo\Ejercicio2Segundo.csproj", "{6AA218CB-7C0A-4D27-B5EF-7F244E1ACBDB}"
EndProject
Global
	GlobalSection(SolutionConfigurationPlatforms) = preSolution
		Debug|Any CPU = Debug|Any CPU
		Release|Any CPU = Release|Any CPU
	EndGlobalSection
	GlobalSection(ProjectConfigurationPlatforms) = postSolution
		{6AA218CB-7C0A-4D27-B5EF-7F244E1ACBDB}.Debug|Any CPU.ActiveCfg = Debug|Any CPU
		{6AA218CB-7C0A-4D27-B5EF-7F244E1ACBDB}.Debug|Any CPU.Build.0 = Debug|Any CPU
		{6AA218CB-7C0A-4D27-B5EF-7F244E1ACBDB}.Release|Any CPU.ActiveCfg = Release|Any CPU
		{6AA218CB-7C0A-4D27-B5EF-7F244E1ACBDB}.Release|Any CPU.Build.0 = Release|Any CPU
	EndGlobalSection
	GlobalSection(SolutionProperties) = preSolution
		HideSolutionNode = FALSE
	EndGlobalSection
	GlobalSection(ExtensibilityGlobals) = postSolution
		SolutionGuid = {DC4B433C-9CE8-48D3-B5ED-097BB34109BF}
	EndGlobalSection
EndGlobal
